
Microsoft Visual Studio Solution File, Format Version 12.00
# Visual Studio Version 17
VisualStudioVersion = 17.4.33110.190
MinimumVisualStudioVersion = 10.0.40219.1
Project("{9A19103F-16F7-4668-BE54-9A1E7A4F7556}") = "PermuteGenerator", "PermuteGenerator\PermuteGenerator.csproj", "{31A6B3BE-C103-41EB-8000-899F865A7E88}"
EndProject
Project("{2150E333-8FDC-42A3-9474-1A3956D46DE8}") = "examples", "examples", "{D6B04DF1-8A2C-4B5B-B0F0-785460A9043D}"
EndProject
Project("{2150E333-8FDC-42A3-9474-1A3956D46DE8}") = "src", "src", "{A2963D04-8682-43CE-9C6D-34A449039772}"
EndProject
Project("{2150E333-8FDC-42A3-9474-1A3956D46DE8}") = "tests", "tests", "{0F0DE96F-1B2C-4CF7-BF91-6B16CBB00B67}"
EndProject
Project("{2150E333-8FDC-42A3-9474-1A3956D46DE8}") = "benchmarks", "benchmarks", "{E2D07199-29EE-457C-8D23-577AE7834CF5}"
EndProject
Project("{2150E333-8FDC-42A3-9474-1A3956D46DE8}") = "src", "src", "{D2B8FB1C-4184-40F6-B6BD-6C19D2CDE509}"
EndProject
Project("{2150E333-8FDC-42A3-9474-1A3956D46DE8}") = "tests", "tests", "{490E57C1-2AE7-4BDE-9D35-2ADD6689C0F8}"
EndProject
Project("{9A19103F-16F7-4668-BE54-9A1E7A4F7556}") = "JSONtoXML.Benchmarks", "benchmarks\JSONtoXML.Benchmarks\JSONtoXML.Benchmarks.csproj", "{E69F7B2D-BCBF-4AB0-AE58-22A8B0612649}"
EndProject
Project("{9A19103F-16F7-4668-BE54-9A1E7A4F7556}") = "PythonParser", "examples\src\PythonParser\PythonParser.csproj", "{2AAF0AC4-33C9-43DD-9F0E-ADDC6C01FDF8}"
EndProject
Project("{9A19103F-16F7-4668-BE54-9A1E7A4F7556}") = "JSONtoXML", "examples\src\JSONParser\JSONtoXML.csproj", "{8E517C99-1931-4386-841B-1C27F69DD922}"
EndProject
Project("{9A19103F-16F7-4668-BE54-9A1E7A4F7556}") = "JSONtoXMLTests", "examples\tests\JSONtoXMLTests\JSONtoXMLTests.csproj", "{6B925728-D418-4B0D-8299-CB93D5811EDA}"
EndProject
Project("{9A19103F-16F7-4668-BE54-9A1E7A4F7556}") = "ParsecCore", "src\ParsecCore\ParsecCore.csproj", "{B61832AF-ED85-479B-A39F-415A85F90150}"
EndProject
Project("{9A19103F-16F7-4668-BE54-9A1E7A4F7556}") = "ParsecCoreTests", "tests\ParsecCoreTests\ParsecCoreTests.csproj", "{49442A15-9792-4F74-8B3F-2BF7F291CB14}"
EndProject
Project("{9A19103F-16F7-4668-BE54-9A1E7A4F7556}") = "PythonParserTests", "examples\tests\PythonParserTests\PythonParserTests.csproj", "{2BCEAA5A-E083-453D-B224-4A71B21A8535}"
EndProject
Global
	GlobalSection(SolutionConfigurationPlatforms) = preSolution
		Debug|Any CPU = Debug|Any CPU
		Release|Any CPU = Release|Any CPU
	EndGlobalSection
	GlobalSection(ProjectConfigurationPlatforms) = postSolution
		{31A6B3BE-C103-41EB-8000-899F865A7E88}.Debug|Any CPU.ActiveCfg = Debug|Any CPU
		{31A6B3BE-C103-41EB-8000-899F865A7E88}.Debug|Any CPU.Build.0 = Debug|Any CPU
		{31A6B3BE-C103-41EB-8000-899F865A7E88}.Release|Any CPU.ActiveCfg = Release|Any CPU
		{31A6B3BE-C103-41EB-8000-899F865A7E88}.Release|Any CPU.Build.0 = Release|Any CPU
		{E69F7B2D-BCBF-4AB0-AE58-22A8B0612649}.Debug|Any CPU.ActiveCfg = Debug|Any CPU
		{E69F7B2D-BCBF-4AB0-AE58-22A8B0612649}.Debug|Any CPU.Build.0 = Debug|Any CPU
		{E69F7B2D-BCBF-4AB0-AE58-22A8B0612649}.Release|Any CPU.ActiveCfg = Release|Any CPU
		{E69F7B2D-BCBF-4AB0-AE58-22A8B0612649}.Release|Any CPU.Build.0 = Release|Any CPU
		{2AAF0AC4-33C9-43DD-9F0E-ADDC6C01FDF8}.Debug|Any CPU.ActiveCfg = Debug|Any CPU
		{2AAF0AC4-33C9-43DD-9F0E-ADDC6C01FDF8}.Debug|Any CPU.Build.0 = Debug|Any CPU
		{2AAF0AC4-33C9-43DD-9F0E-ADDC6C01FDF8}.Release|Any CPU.ActiveCfg = Release|Any CPU
		{2AAF0AC4-33C9-43DD-9F0E-ADDC6C01FDF8}.Release|Any CPU.Build.0 = Release|Any CPU
		{8E517C99-1931-4386-841B-1C27F69DD922}.Debug|Any CPU.ActiveCfg = Debug|Any CPU
		{8E517C99-1931-4386-841B-1C27F69DD922}.Debug|Any CPU.Build.0 = Debug|Any CPU
		{8E517C99-1931-4386-841B-1C27F69DD922}.Release|Any CPU.ActiveCfg = Release|Any CPU
		{8E517C99-1931-4386-841B-1C27F69DD922}.Release|Any CPU.Build.0 = Release|Any CPU
		{6B925728-D418-4B0D-8299-CB93D5811EDA}.Debug|Any CPU.ActiveCfg = Debug|Any CPU
		{6B925728-D418-4B0D-8299-CB93D5811EDA}.Debug|Any CPU.Build.0 = Debug|Any CPU
		{6B925728-D418-4B0D-8299-CB93D5811EDA}.Release|Any CPU.ActiveCfg = Release|Any CPU
		{6B925728-D418-4B0D-8299-CB93D5811EDA}.Release|Any CPU.Build.0 = Release|Any CPU
		{B61832AF-ED85-479B-A39F-415A85F90150}.Debug|Any CPU.ActiveCfg = Debug|Any CPU
		{B61832AF-ED85-479B-A39F-415A85F90150}.Debug|Any CPU.Build.0 = Debug|Any CPU
		{B61832AF-ED85-479B-A39F-415A85F90150}.Release|Any CPU.ActiveCfg = Release|Any CPU
		{B61832AF-ED85-479B-A39F-415A85F90150}.Release|Any CPU.Build.0 = Release|Any CPU
		{49442A15-9792-4F74-8B3F-2BF7F291CB14}.Debug|Any CPU.ActiveCfg = Debug|Any CPU
		{49442A15-9792-4F74-8B3F-2BF7F291CB14}.Debug|Any CPU.Build.0 = Debug|Any CPU
		{49442A15-9792-4F74-8B3F-2BF7F291CB14}.Release|Any CPU.ActiveCfg = Release|Any CPU
		{49442A15-9792-4F74-8B3F-2BF7F291CB14}.Release|Any CPU.Build.0 = Release|Any CPU
		{2BCEAA5A-E083-453D-B224-4A71B21A8535}.Debug|Any CPU.ActiveCfg = Debug|Any CPU
		{2BCEAA5A-E083-453D-B224-4A71B21A8535}.Debug|Any CPU.Build.0 = Debug|Any CPU
		{2BCEAA5A-E083-453D-B224-4A71B21A8535}.Release|Any CPU.ActiveCfg = Release|Any CPU
		{2BCEAA5A-E083-453D-B224-4A71B21A8535}.Release|Any CPU.Build.0 = Release|Any CPU
	EndGlobalSection
	GlobalSection(SolutionProperties) = preSolution
		HideSolutionNode = FALSE
	EndGlobalSection
	GlobalSection(NestedProjects) = preSolution
		{A2963D04-8682-43CE-9C6D-34A449039772} = {D6B04DF1-8A2C-4B5B-B0F0-785460A9043D}
		{0F0DE96F-1B2C-4CF7-BF91-6B16CBB00B67} = {D6B04DF1-8A2C-4B5B-B0F0-785460A9043D}
		{E69F7B2D-BCBF-4AB0-AE58-22A8B0612649} = {E2D07199-29EE-457C-8D23-577AE7834CF5}
		{2AAF0AC4-33C9-43DD-9F0E-ADDC6C01FDF8} = {A2963D04-8682-43CE-9C6D-34A449039772}
		{8E517C99-1931-4386-841B-1C27F69DD922} = {A2963D04-8682-43CE-9C6D-34A449039772}
		{6B925728-D418-4B0D-8299-CB93D5811EDA} = {0F0DE96F-1B2C-4CF7-BF91-6B16CBB00B67}
		{B61832AF-ED85-479B-A39F-415A85F90150} = {D2B8FB1C-4184-40F6-B6BD-6C19D2CDE509}
		{49442A15-9792-4F74-8B3F-2BF7F291CB14} = {490E57C1-2AE7-4BDE-9D35-2ADD6689C0F8}
		{2BCEAA5A-E083-453D-B224-4A71B21A8535} = {0F0DE96F-1B2C-4CF7-BF91-6B16CBB00B67}
	EndGlobalSection
	GlobalSection(ExtensibilityGlobals) = postSolution
		SolutionGuid = {18ED41C1-FC45-47F7-94B6-0D058C26AAF4}
	EndGlobalSection
EndGlobal
